// !$*UTF8*$!
{
	archiveVersion = 1;
	classes = {
	};
	objectVersion = 56;
	objects = {

/* Begin PBXBuildFile section */
		7117E4CF2BD5DF9A00A1DBF4 /* SettingsView.swift in Sources */ = {isa = PBXBuildFile; fileRef = 7117E4CE2BD5DF9A00A1DBF4 /* SettingsView.swift */; };
		7165C4CF2BBC8B7200F68D47 /* MomentoApp.swift in Sources */ = {isa = PBXBuildFile; fileRef = 7165C4CE2BBC8B7200F68D47 /* MomentoApp.swift */; };
		7165C4D12BBC8B7200F68D47 /* LoginView.swift in Sources */ = {isa = PBXBuildFile; fileRef = 7165C4D02BBC8B7200F68D47 /* LoginView.swift */; };
		7165C4D32BBC8B7500F68D47 /* Assets.xcassets in Resources */ = {isa = PBXBuildFile; fileRef = 7165C4D22BBC8B7500F68D47 /* Assets.xcassets */; };
		7165C4D62BBC8B7500F68D47 /* Preview Assets.xcassets in Resources */ = {isa = PBXBuildFile; fileRef = 7165C4D52BBC8B7500F68D47 /* Preview Assets.xcassets */; };
		7165C4E02BBC8B7500F68D47 /* MomentoTests.swift in Sources */ = {isa = PBXBuildFile; fileRef = 7165C4DF2BBC8B7500F68D47 /* MomentoTests.swift */; };
		7165C4EA2BBC8B7500F68D47 /* MomentoUITests.swift in Sources */ = {isa = PBXBuildFile; fileRef = 7165C4E92BBC8B7500F68D47 /* MomentoUITests.swift */; };
		7165C4EC2BBC8B7500F68D47 /* MomentoUITestsLaunchTests.swift in Sources */ = {isa = PBXBuildFile; fileRef = 7165C4EB2BBC8B7500F68D47 /* MomentoUITestsLaunchTests.swift */; };
		7165C4F92BBC8EE000F68D47 /* GoogleService-Info.plist in Resources */ = {isa = PBXBuildFile; fileRef = 7165C4F82BBC8EE000F68D47 /* GoogleService-Info.plist */; };
		7165C4FC2BBC8F8800F68D47 /* FirebaseAnalytics in Frameworks */ = {isa = PBXBuildFile; productRef = 7165C4FB2BBC8F8800F68D47 /* FirebaseAnalytics */; };
		7165C4FE2BBC8F8800F68D47 /* FirebaseAuth in Frameworks */ = {isa = PBXBuildFile; productRef = 7165C4FD2BBC8F8800F68D47 /* FirebaseAuth */; };
		7165C5002BBC8F8800F68D47 /* FirebaseFirestore in Frameworks */ = {isa = PBXBuildFile; productRef = 7165C4FF2BBC8F8800F68D47 /* FirebaseFirestore */; };
		7165C5022BBC8F8800F68D47 /* FirebaseStorage in Frameworks */ = {isa = PBXBuildFile; productRef = 7165C5012BBC8F8800F68D47 /* FirebaseStorage */; };
		71ADF8A92BD5D53D005FEF72 /* AuthService.swift in Sources */ = {isa = PBXBuildFile; fileRef = 71ADF8A82BD5D53D005FEF72 /* AuthService.swift */; };
		71ADF8AB2BD5DBA1005FEF72 /* ProfileView.swift in Sources */ = {isa = PBXBuildFile; fileRef = 71ADF8AA2BD5DBA1005FEF72 /* ProfileView.swift */; };
/* End PBXBuildFile section */

/* Begin PBXContainerItemProxy section */
		7165C4DC2BBC8B7500F68D47 /* PBXContainerItemProxy */ = {
			isa = PBXContainerItemProxy;
			containerPortal = 7165C4C32BBC8B7200F68D47 /* Project object */;
			proxyType = 1;
			remoteGlobalIDString = 7165C4CA2BBC8B7200F68D47;
			remoteInfo = Momento;
		};
		7165C4E62BBC8B7500F68D47 /* PBXContainerItemProxy */ = {
			isa = PBXContainerItemProxy;
			containerPortal = 7165C4C32BBC8B7200F68D47 /* Project object */;
			proxyType = 1;
			remoteGlobalIDString = 7165C4CA2BBC8B7200F68D47;
			remoteInfo = Momento;
		};
/* End PBXContainerItemProxy section */

/* Begin PBXFileReference section */
		7117E4CE2BD5DF9A00A1DBF4 /* SettingsView.swift */ = {isa = PBXFileReference; lastKnownFileType = sourcecode.swift; path = SettingsView.swift; sourceTree = "<group>"; };
		7165C4CB2BBC8B7200F68D47 /* Momento.app */ = {isa = PBXFileReference; explicitFileType = wrapper.application; includeInIndex = 0; path = Momento.app; sourceTree = BUILT_PRODUCTS_DIR; };
		7165C4CE2BBC8B7200F68D47 /* MomentoApp.swift */ = {isa = PBXFileReference; lastKnownFileType = sourcecode.swift; path = MomentoApp.swift; sourceTree = "<group>"; };
		7165C4D02BBC8B7200F68D47 /* LoginView.swift */ = {isa = PBXFileReference; lastKnownFileType = sourcecode.swift; path = LoginView.swift; sourceTree = "<group>"; };
		7165C4D22BBC8B7500F68D47 /* Assets.xcassets */ = {isa = PBXFileReference; lastKnownFileType = folder.assetcatalog; path = Assets.xcassets; sourceTree = "<group>"; };
		7165C4D52BBC8B7500F68D47 /* Preview Assets.xcassets */ = {isa = PBXFileReference; lastKnownFileType = folder.assetcatalog; path = "Preview Assets.xcassets"; sourceTree = "<group>"; };
		7165C4DB2BBC8B7500F68D47 /* MomentoTests.xctest */ = {isa = PBXFileReference; explicitFileType = wrapper.cfbundle; includeInIndex = 0; path = MomentoTests.xctest; sourceTree = BUILT_PRODUCTS_DIR; };
		7165C4DF2BBC8B7500F68D47 /* MomentoTests.swift */ = {isa = PBXFileReference; lastKnownFileType = sourcecode.swift; path = MomentoTests.swift; sourceTree = "<group>"; };
		7165C4E52BBC8B7500F68D47 /* MomentoUITests.xctest */ = {isa = PBXFileReference; explicitFileType = wrapper.cfbundle; includeInIndex = 0; path = MomentoUITests.xctest; sourceTree = BUILT_PRODUCTS_DIR; };
		7165C4E92BBC8B7500F68D47 /* MomentoUITests.swift */ = {isa = PBXFileReference; lastKnownFileType = sourcecode.swift; path = MomentoUITests.swift; sourceTree = "<group>"; };
		7165C4EB2BBC8B7500F68D47 /* MomentoUITestsLaunchTests.swift */ = {isa = PBXFileReference; lastKnownFileType = sourcecode.swift; path = MomentoUITestsLaunchTests.swift; sourceTree = "<group>"; };
		7165C4F82BBC8EE000F68D47 /* GoogleService-Info.plist */ = {isa = PBXFileReference; fileEncoding = 4; lastKnownFileType = text.plist.xml; path = "GoogleService-Info.plist"; sourceTree = "<group>"; };
		71ADF8A82BD5D53D005FEF72 /* AuthService.swift */ = {isa = PBXFileReference; lastKnownFileType = sourcecode.swift; path = AuthService.swift; sourceTree = "<group>"; };
		71ADF8AA2BD5DBA1005FEF72 /* ProfileView.swift */ = {isa = PBXFileReference; lastKnownFileType = sourcecode.swift; path = ProfileView.swift; sourceTree = "<group>"; };
/* End PBXFileReference section */

/* Begin PBXFrameworksBuildPhase section */
		7165C4C82BBC8B7200F68D47 /* Frameworks */ = {
			isa = PBXFrameworksBuildPhase;
			buildActionMask = 2147483647;
			files = (
				7165C4FC2BBC8F8800F68D47 /* FirebaseAnalytics in Frameworks */,
				7165C5022BBC8F8800F68D47 /* FirebaseStorage in Frameworks */,
				7165C4FE2BBC8F8800F68D47 /* FirebaseAuth in Frameworks */,
				7165C5002BBC8F8800F68D47 /* FirebaseFirestore in Frameworks */,
			);
			runOnlyForDeploymentPostprocessing = 0;
		};
		7165C4D82BBC8B7500F68D47 /* Frameworks */ = {
			isa = PBXFrameworksBuildPhase;
			buildActionMask = 2147483647;
			files = (
			);
			runOnlyForDeploymentPostprocessing = 0;
		};
		7165C4E22BBC8B7500F68D47 /* Frameworks */ = {
			isa = PBXFrameworksBuildPhase;
			buildActionMask = 2147483647;
			files = (
			);
			runOnlyForDeploymentPostprocessing = 0;
		};
/* End PBXFrameworksBuildPhase section */

/* Begin PBXGroup section */
		7165C4C22BBC8B7200F68D47 = {
			isa = PBXGroup;
			children = (
				7165C4CD2BBC8B7200F68D47 /* Momento */,
				7165C4DE2BBC8B7500F68D47 /* MomentoTests */,
				7165C4E82BBC8B7500F68D47 /* MomentoUITests */,
				7165C4CC2BBC8B7200F68D47 /* Products */,
			);
			sourceTree = "<group>";
		};
		7165C4CC2BBC8B7200F68D47 /* Products */ = {
			isa = PBXGroup;
			children = (
				7165C4CB2BBC8B7200F68D47 /* Momento.app */,
				7165C4DB2BBC8B7500F68D47 /* MomentoTests.xctest */,
				7165C4E52BBC8B7500F68D47 /* MomentoUITests.xctest */,
			);
			name = Products;
			sourceTree = "<group>";
		};
		7165C4CD2BBC8B7200F68D47 /* Momento */ = {
			isa = PBXGroup;
			children = (
				7165C4F82BBC8EE000F68D47 /* GoogleService-Info.plist */,
				7165C4CE2BBC8B7200F68D47 /* MomentoApp.swift */,
				7165C4D02BBC8B7200F68D47 /* LoginView.swift */,
				7165C4D22BBC8B7500F68D47 /* Assets.xcassets */,
				7165C4D42BBC8B7500F68D47 /* Preview Content */,
				71ADF8A82BD5D53D005FEF72 /* AuthService.swift */,
				71ADF8AA2BD5DBA1005FEF72 /* ProfileView.swift */,
				7117E4CE2BD5DF9A00A1DBF4 /* SettingsView.swift */,
			);
			path = Momento;
			sourceTree = "<group>";
		};
		7165C4D42BBC8B7500F68D47 /* Preview Content */ = {
			isa = PBXGroup;
			children = (
				7165C4D52BBC8B7500F68D47 /* Preview Assets.xcassets */,
			);
			path = "Preview Content";
			sourceTree = "<group>";
		};
		7165C4DE2BBC8B7500F68D47 /* MomentoTests */ = {
			isa = PBXGroup;
			children = (
				7165C4DF2BBC8B7500F68D47 /* MomentoTests.swift */,
			);
			path = MomentoTests;
			sourceTree = "<group>";
		};
		7165C4E82BBC8B7500F68D47 /* MomentoUITests */ = {
			isa = PBXGroup;
			children = (
				7165C4E92BBC8B7500F68D47 /* MomentoUITests.swift */,
				7165C4EB2BBC8B7500F68D47 /* MomentoUITestsLaunchTests.swift */,
			);
			path = MomentoUITests;
			sourceTree = "<group>";
		};
/* End PBXGroup section */

/* Begin PBXNativeTarget section */
		7165C4CA2BBC8B7200F68D47 /* Momento */ = {
			isa = PBXNativeTarget;
			buildConfigurationList = 7165C4EF2BBC8B7500F68D47 /* Build configuration list for PBXNativeTarget "Momento" */;
			buildPhases = (
				7165C4C72BBC8B7200F68D47 /* Sources */,
				7165C4C82BBC8B7200F68D47 /* Frameworks */,
				7165C4C92BBC8B7200F68D47 /* Resources */,
			);
			buildRules = (
			);
			dependencies = (
			);
			name = Momento;
			packageProductDependencies = (
				7165C4FB2BBC8F8800F68D47 /* FirebaseAnalytics */,
				7165C4FD2BBC8F8800F68D47 /* FirebaseAuth */,
				7165C4FF2BBC8F8800F68D47 /* FirebaseFirestore */,
				7165C5012BBC8F8800F68D47 /* FirebaseStorage */,
			);
			productName = Momento;
			productReference = 7165C4CB2BBC8B7200F68D47 /* Momento.app */;
			productType = "com.apple.product-type.application";
		};
		7165C4DA2BBC8B7500F68D47 /* MomentoTests */ = {
			isa = PBXNativeTarget;
			buildConfigurationList = 7165C4F22BBC8B7500F68D47 /* Build configuration list for PBXNativeTarget "MomentoTests" */;
			buildPhases = (
				7165C4D72BBC8B7500F68D47 /* Sources */,
				7165C4D82BBC8B7500F68D47 /* Frameworks */,
				7165C4D92BBC8B7500F68D47 /* Resources */,
			);
			buildRules = (
			);
			dependencies = (
				7165C4DD2BBC8B7500F68D47 /* PBXTargetDependency */,
			);
			name = MomentoTests;
			productName = MomentoTests;
			productReference = 7165C4DB2BBC8B7500F68D47 /* MomentoTests.xctest */;
			productType = "com.apple.product-type.bundle.unit-test";
		};
		7165C4E42BBC8B7500F68D47 /* MomentoUITests */ = {
			isa = PBXNativeTarget;
			buildConfigurationList = 7165C4F52BBC8B7500F68D47 /* Build configuration list for PBXNativeTarget "MomentoUITests" */;
			buildPhases = (
				7165C4E12BBC8B7500F68D47 /* Sources */,
				7165C4E22BBC8B7500F68D47 /* Frameworks */,
				7165C4E32BBC8B7500F68D47 /* Resources */,
			);
			buildRules = (
			);
			dependencies = (
				7165C4E72BBC8B7500F68D47 /* PBXTargetDependency */,
			);
			name = MomentoUITests;
			productName = MomentoUITests;
			productReference = 7165C4E52BBC8B7500F68D47 /* MomentoUITests.xctest */;
			productType = "com.apple.product-type.bundle.ui-testing";
		};
/* End PBXNativeTarget section */

/* Begin PBXProject section */
		7165C4C32BBC8B7200F68D47 /* Project object */ = {
			isa = PBXProject;
			attributes = {
				BuildIndependentTargetsInParallel = 1;
				LastSwiftUpdateCheck = 1520;
				LastUpgradeCheck = 1520;
				TargetAttributes = {
					7165C4CA2BBC8B7200F68D47 = {
						CreatedOnToolsVersion = 15.2;
					};
					7165C4DA2BBC8B7500F68D47 = {
						CreatedOnToolsVersion = 15.2;
						TestTargetID = 7165C4CA2BBC8B7200F68D47;
					};
					7165C4E42BBC8B7500F68D47 = {
						CreatedOnToolsVersion = 15.2;
						TestTargetID = 7165C4CA2BBC8B7200F68D47;
					};
				};
			};
			buildConfigurationList = 7165C4C62BBC8B7200F68D47 /* Build configuration list for PBXProject "Momento" */;
			compatibilityVersion = "Xcode 14.0";
			developmentRegion = en;
			hasScannedForEncodings = 0;
			knownRegions = (
				en,
				Base,
			);
			mainGroup = 7165C4C22BBC8B7200F68D47;
			packageReferences = (
				7165C4FA2BBC8F8800F68D47 /* XCRemoteSwiftPackageReference "firebase-ios-sdk" */,
			);
			productRefGroup = 7165C4CC2BBC8B7200F68D47 /* Products */;
			projectDirPath = "";
			projectRoot = "";
			targets = (
				7165C4CA2BBC8B7200F68D47 /* Momento */,
				7165C4DA2BBC8B7500F68D47 /* MomentoTests */,
				7165C4E42BBC8B7500F68D47 /* MomentoUITests */,
			);
		};
/* End PBXProject section */

/* Begin PBXResourcesBuildPhase section */
		7165C4C92BBC8B7200F68D47 /* Resources */ = {
			isa = PBXResourcesBuildPhase;
			buildActionMask = 2147483647;
			files = (
				7165C4D62BBC8B7500F68D47 /* Preview Assets.xcassets in Resources */,
				7165C4D32BBC8B7500F68D47 /* Assets.xcassets in Resources */,
				7165C4F92BBC8EE000F68D47 /* GoogleService-Info.plist in Resources */,
			);
			runOnlyForDeploymentPostprocessing = 0;
		};
		7165C4D92BBC8B7500F68D47 /* Resources */ = {
			isa = PBXResourcesBuildPhase;
			buildActionMask = 2147483647;
			files = (
			);
			runOnlyForDeploymentPostprocessing = 0;
		};
		7165C4E32BBC8B7500F68D47 /* Resources */ = {
			isa = PBXResourcesBuildPhase;
			buildActionMask = 2147483647;
			files = (
			);
			runOnlyForDeploymentPostprocessing = 0;
		};
/* End PBXResourcesBuildPhase section */

/* Begin PBXSourcesBuildPhase section */
		7165C4C72BBC8B7200F68D47 /* Sources */ = {
			isa = PBXSourcesBuildPhase;
			buildActionMask = 2147483647;
			files = (
				7117E4CF2BD5DF9A00A1DBF4 /* SettingsView.swift in Sources */,
				71ADF8AB2BD5DBA1005FEF72 /* ProfileView.swift in Sources */,
				71ADF8A92BD5D53D005FEF72 /* AuthService.swift in Sources */,
				7165C4D12BBC8B7200F68D47 /* LoginView.swift in Sources */,
				7165C4CF2BBC8B7200F68D47 /* MomentoApp.swift in Sources */,
			);
			runOnlyForDeploymentPostprocessing = 0;
		};
		7165C4D72BBC8B7500F68D47 /* Sources */ = {
			isa = PBXSourcesBuildPhase;
			buildActionMask = 2147483647;
			files = (
				7165C4E02BBC8B7500F68D47 /* MomentoTests.swift in Sources */,
			);
			runOnlyForDeploymentPostprocessing = 0;
		};
		7165C4E12BBC8B7500F68D47 /* Sources */ = {
			isa = PBXSourcesBuildPhase;
			buildActionMask = 2147483647;
			files = (
				7165C4EC2BBC8B7500F68D47 /* MomentoUITestsLaunchTests.swift in Sources */,
				7165C4EA2BBC8B7500F68D47 /* MomentoUITests.swift in Sources */,
			);
			runOnlyForDeploymentPostprocessing = 0;
		};
/* End PBXSourcesBuildPhase section */

/* Begin PBXTargetDependency section */
		7165C4DD2BBC8B7500F68D47 /* PBXTargetDependency */ = {
			isa = PBXTargetDependency;
			target = 7165C4CA2BBC8B7200F68D47 /* Momento */;
			targetProxy = 7165C4DC2BBC8B7500F68D47 /* PBXContainerItemProxy */;
		};
		7165C4E72BBC8B7500F68D47 /* PBXTargetDependency */ = {
			isa = PBXTargetDependency;
			target = 7165C4CA2BBC8B7200F68D47 /* Momento */;
			targetProxy = 7165C4E62BBC8B7500F68D47 /* PBXContainerItemProxy */;
		};
/* End PBXTargetDependency section */

/* Begin XCBuildConfiguration section */
		7165C4ED2BBC8B7500F68D47 /* Debug */ = {
			isa = XCBuildConfiguration;
			buildSettings = {
				ALWAYS_SEARCH_USER_PATHS = NO;
				ASSETCATALOG_COMPILER_GENERATE_SWIFT_ASSET_SYMBOL_EXTENSIONS = YES;
				CLANG_ANALYZER_NONNULL = YES;
				CLANG_ANALYZER_NUMBER_OBJECT_CONVERSION = YES_AGGRESSIVE;
				CLANG_CXX_LANGUAGE_STANDARD = "gnu++20";
				CLANG_ENABLE_MODULES = YES;
				CLANG_ENABLE_OBJC_ARC = YES;
				CLANG_ENABLE_OBJC_WEAK = YES;
				CLANG_WARN_BLOCK_CAPTURE_AUTORELEASING = YES;
				CLANG_WARN_BOOL_CONVERSION = YES;
				CLANG_WARN_COMMA = YES;
				CLANG_WARN_CONSTANT_CONVERSION = YES;
				CLANG_WARN_DEPRECATED_OBJC_IMPLEMENTATIONS = YES;
				CLANG_WARN_DIRECT_OBJC_ISA_USAGE = YES_ERROR;
				CLANG_WARN_DOCUMENTATION_COMMENTS = YES;
				CLANG_WARN_EMPTY_BODY = YES;
				CLANG_WARN_ENUM_CONVERSION = YES;
				CLANG_WARN_INFINITE_RECURSION = YES;
				CLANG_WARN_INT_CONVERSION = YES;
				CLANG_WARN_NON_LITERAL_NULL_CONVERSION = YES;
				CLANG_WARN_OBJC_IMPLICIT_RETAIN_SELF = YES;
				CLANG_WARN_OBJC_LITERAL_CONVERSION = YES;
				CLANG_WARN_OBJC_ROOT_CLASS = YES_ERROR;
				CLANG_WARN_QUOTED_INCLUDE_IN_FRAMEWORK_HEADER = YES;
				CLANG_WARN_RANGE_LOOP_ANALYSIS = YES;
				CLANG_WARN_STRICT_PROTOTYPES = YES;
				CLANG_WARN_SUSPICIOUS_MOVE = YES;
				CLANG_WARN_UNGUARDED_AVAILABILITY = YES_AGGRESSIVE;
				CLANG_WARN_UNREACHABLE_CODE = YES;
				CLANG_WARN__DUPLICATE_METHOD_MATCH = YES;
				COPY_PHASE_STRIP = NO;
				DEBUG_INFORMATION_FORMAT = dwarf;
				ENABLE_STRICT_OBJC_MSGSEND = YES;
				ENABLE_TESTABILITY = YES;
				ENABLE_USER_SCRIPT_SANDBOXING = YES;
				GCC_C_LANGUAGE_STANDARD = gnu17;
				GCC_DYNAMIC_NO_PIC = NO;
				GCC_NO_COMMON_BLOCKS = YES;
				GCC_OPTIMIZATION_LEVEL = 0;
				GCC_PREPROCESSOR_DEFINITIONS = (
					"DEBUG=1",
					"$(inherited)",
				);
				GCC_WARN_64_TO_32_BIT_CONVERSION = YES;
				GCC_WARN_ABOUT_RETURN_TYPE = YES_ERROR;
				GCC_WARN_UNDECLARED_SELECTOR = YES;
				GCC_WARN_UNINITIALIZED_AUTOS = YES_AGGRESSIVE;
				GCC_WARN_UNUSED_FUNCTION = YES;
				GCC_WARN_UNUSED_VARIABLE = YES;
				IPHONEOS_DEPLOYMENT_TARGET = 17.2;
				LOCALIZATION_PREFERS_STRING_CATALOGS = YES;
				MTL_ENABLE_DEBUG_INFO = INCLUDE_SOURCE;
				MTL_FAST_MATH = YES;
				ONLY_ACTIVE_ARCH = YES;
				SDKROOT = iphoneos;
				SWIFT_ACTIVE_COMPILATION_CONDITIONS = "DEBUG $(inherited)";
				SWIFT_OPTIMIZATION_LEVEL = "-Onone";
			};
			name = Debug;
		};
		7165C4EE2BBC8B7500F68D47 /* Release */ = {
			isa = XCBuildConfiguration;
			buildSettings = {
				ALWAYS_SEARCH_USER_PATHS = NO;
				ASSETCATALOG_COMPILER_GENERATE_SWIFT_ASSET_SYMBOL_EXTENSIONS = YES;
				CLANG_ANALYZER_NONNULL = YES;
				CLANG_ANALYZER_NUMBER_OBJECT_CONVERSION = YES_AGGRESSIVE;
				CLANG_CXX_LANGUAGE_STANDARD = "gnu++20";
				CLANG_ENABLE_MODULES = YES;
				CLANG_ENABLE_OBJC_ARC = YES;
				CLANG_ENABLE_OBJC_WEAK = YES;
				CLANG_WARN_BLOCK_CAPTURE_AUTORELEASING = YES;
				CLANG_WARN_BOOL_CONVERSION = YES;
				CLANG_WARN_COMMA = YES;
				CLANG_WARN_CONSTANT_CONVERSION = YES;
				CLANG_WARN_DEPRECATED_OBJC_IMPLEMENTATIONS = YES;
				CLANG_WARN_DIRECT_OBJC_ISA_USAGE = YES_ERROR;
				CLANG_WARN_DOCUMENTATION_COMMENTS = YES;
				CLANG_WARN_EMPTY_BODY = YES;
				CLANG_WARN_ENUM_CONVERSION = YES;
				CLANG_WARN_INFINITE_RECURSION = YES;
				CLANG_WARN_INT_CONVERSION = YES;
				CLANG_WARN_NON_LITERAL_NULL_CONVERSION = YES;
				CLANG_WARN_OBJC_IMPLICIT_RETAIN_SELF = YES;
				CLANG_WARN_OBJC_LITERAL_CONVERSION = YES;
				CLANG_WARN_OBJC_ROOT_CLASS = YES_ERROR;
				CLANG_WARN_QUOTED_INCLUDE_IN_FRAMEWORK_HEADER = YES;
				CLANG_WARN_RANGE_LOOP_ANALYSIS = YES;
				CLANG_WARN_STRICT_PROTOTYPES = YES;
				CLANG_WARN_SUSPICIOUS_MOVE = YES;
				CLANG_WARN_UNGUARDED_AVAILABILITY = YES_AGGRESSIVE;
				CLANG_WARN_UNREACHABLE_CODE = YES;
				CLANG_WARN__DUPLICATE_METHOD_MATCH = YES;
				COPY_PHASE_STRIP = NO;
				DEBUG_INFORMATION_FORMAT = "dwarf-with-dsym";
				ENABLE_NS_ASSERTIONS = NO;
				ENABLE_STRICT_OBJC_MSGSEND = YES;
				ENABLE_USER_SCRIPT_SANDBOXING = YES;
				GCC_C_LANGUAGE_STANDARD = gnu17;
				GCC_NO_COMMON_BLOCKS = YES;
				GCC_WARN_64_TO_32_BIT_CONVERSION = YES;
				GCC_WARN_ABOUT_RETURN_TYPE = YES_ERROR;
				GCC_WARN_UNDECLARED_SELECTOR = YES;
				GCC_WARN_UNINITIALIZED_AUTOS = YES_AGGRESSIVE;
				GCC_WARN_UNUSED_FUNCTION = YES;
				GCC_WARN_UNUSED_VARIABLE = YES;
				IPHONEOS_DEPLOYMENT_TARGET = 17.2;
				LOCALIZATION_PREFERS_STRING_CATALOGS = YES;
				MTL_ENABLE_DEBUG_INFO = NO;
				MTL_FAST_MATH = YES;
				SDKROOT = iphoneos;
				SWIFT_COMPILATION_MODE = wholemodule;
				VALIDATE_PRODUCT = YES;
			};
			name = Release;
		};
		7165C4F02BBC8B7500F68D47 /* Debug */ = {
			isa = XCBuildConfiguration;
			buildSettings = {
				ASSETCATALOG_COMPILER_APPICON_NAME = AppIcon;
				ASSETCATALOG_COMPILER_GLOBAL_ACCENT_COLOR_NAME = AccentColor;
				CODE_SIGN_STYLE = Automatic;
				CURRENT_PROJECT_VERSION = 1;
				DEVELOPMENT_ASSET_PATHS = "\"Momento/Preview Content\"";
				DEVELOPMENT_TEAM = KJLVK555LY;
				ENABLE_PREVIEWS = YES;
				GENERATE_INFOPLIST_FILE = YES;
				INFOPLIST_KEY_UIApplicationSceneManifest_Generation = YES;
				INFOPLIST_KEY_UIApplicationSupportsIndirectInputEvents = YES;
				INFOPLIST_KEY_UILaunchScreen_Generation = YES;
				INFOPLIST_KEY_UISupportedInterfaceOrientations_iPad = "UIInterfaceOrientationPortrait UIInterfaceOrientationPortraitUpsideDown UIInterfaceOrientationLandscapeLeft UIInterfaceOrientationLandscapeRight";
				INFOPLIST_KEY_UISupportedInterfaceOrientations_iPhone = "UIInterfaceOrientationPortrait UIInterfaceOrientationLandscapeLeft UIInterfaceOrientationLandscapeRight";
				LD_RUNPATH_SEARCH_PATHS = (
					"$(inherited)",
					"@executable_path/Frameworks",
				);
				MARKETING_VERSION = 1.0;
				PRODUCT_BUNDLE_IDENTIFIER = "Stockton-Dynamics.Momento";
				PRODUCT_NAME = "$(TARGET_NAME)";
				SWIFT_EMIT_LOC_STRINGS = YES;
				SWIFT_VERSION = 5.0;
				TARGETED_DEVICE_FAMILY = "1,2";
			};
			name = Debug;
		};
		7165C4F12BBC8B7500F68D47 /* Release */ = {
			isa = XCBuildConfiguration;
			buildSettings = {
				ASSETCATALOG_COMPILER_APPICON_NAME = AppIcon;
				ASSETCATALOG_COMPILER_GLOBAL_ACCENT_COLOR_NAME = AccentColor;
				CODE_SIGN_STYLE = Automatic;
				CURRENT_PROJECT_VERSION = 1;
				DEVELOPMENT_ASSET_PATHS = "\"Momento/Preview Content\"";
				DEVELOPMENT_TEAM = KJLVK555LY;
				ENABLE_PREVIEWS = YES;
				GENERATE_INFOPLIST_FILE = YES;
				INFOPLIST_KEY_UIApplicationSceneManifest_Generation = YES;
				INFOPLIST_KEY_UIApplicationSupportsIndirectInputEvents = YES;
				INFOPLIST_KEY_UILaunchScreen_Generation = YES;
				INFOPLIST_KEY_UISupportedInterfaceOrientations_iPad = "UIInterfaceOrientationPortrait UIInterfaceOrientationPortraitUpsideDown UIInterfaceOrientationLandscapeLeft UIInterfaceOrientationLandscapeRight";
				INFOPLIST_KEY_UISupportedInterfaceOrientations_iPhone = "UIInterfaceOrientationPortrait UIInterfaceOrientationLandscapeLeft UIInterfaceOrientationLandscapeRight";
				LD_RUNPATH_SEARCH_PATHS = (
					"$(inherited)",
					"@executable_path/Frameworks",
				);
				MARKETING_VERSION = 1.0;
				PRODUCT_BUNDLE_IDENTIFIER = "Stockton-Dynamics.Momento";
				PRODUCT_NAME = "$(TARGET_NAME)";
				SWIFT_EMIT_LOC_STRINGS = YES;
				SWIFT_VERSION = 5.0;
				TARGETED_DEVICE_FAMILY = "1,2";
			};
			name = Release;
		};
		7165C4F32BBC8B7500F68D47 /* Debug */ = {
			isa = XCBuildConfiguration;
			buildSettings = {
				ALWAYS_EMBED_SWIFT_STANDARD_LIBRARIES = YES;
				BUNDLE_LOADER = "$(TEST_HOST)";
				CODE_SIGN_STYLE = Automatic;
				CURRENT_PROJECT_VERSION = 1;
				DEVELOPMENT_TEAM = KJLVK555LY;
				GENERATE_INFOPLIST_FILE = YES;
				IPHONEOS_DEPLOYMENT_TARGET = 17.2;
				MARKETING_VERSION = 1.0;
				PRODUCT_BUNDLE_IDENTIFIER = "Stockton-Dynamics.MomentoTests";
				PRODUCT_NAME = "$(TARGET_NAME)";
				SWIFT_EMIT_LOC_STRINGS = NO;
				SWIFT_VERSION = 5.0;
				TARGETED_DEVICE_FAMILY = "1,2";
				TEST_HOST = "$(BUILT_PRODUCTS_DIR)/Momento.app/$(BUNDLE_EXECUTABLE_FOLDER_PATH)/Momento";
			};
			name = Debug;
		};
		7165C4F42BBC8B7500F68D47 /* Release */ = {
			isa = XCBuildConfiguration;
			buildSettings = {
				ALWAYS_EMBED_SWIFT_STANDARD_LIBRARIES = YES;
				BUNDLE_LOADER = "$(TEST_HOST)";
				CODE_SIGN_STYLE = Automatic;
				CURRENT_PROJECT_VERSION = 1;
				DEVELOPMENT_TEAM = KJLVK555LY;
				GENERATE_INFOPLIST_FILE = YES;
				IPHONEOS_DEPLOYMENT_TARGET = 17.2;
				MARKETING_VERSION = 1.0;
				PRODUCT_BUNDLE_IDENTIFIER = "Stockton-Dynamics.MomentoTests";
				PRODUCT_NAME = "$(TARGET_NAME)";
				SWIFT_EMIT_LOC_STRINGS = NO;
				SWIFT_VERSION = 5.0;
				TARGETED_DEVICE_FAMILY = "1,2";
				TEST_HOST = "$(BUILT_PRODUCTS_DIR)/Momento.app/$(BUNDLE_EXECUTABLE_FOLDER_PATH)/Momento";
			};
			name = Release;
		};
		7165C4F62BBC8B7500F68D47 /* Debug */ = {
			isa = XCBuildConfiguration;
			buildSettings = {
				ALWAYS_EMBED_SWIFT_STANDARD_LIBRARIES = YES;
				CODE_SIGN_STYLE = Automatic;
				CURRENT_PROJECT_VERSION = 1;
				DEVELOPMENT_TEAM = KJLVK555LY;
				GENERATE_INFOPLIST_FILE = YES;
				MARKETING_VERSION = 1.0;
				PRODUCT_BUNDLE_IDENTIFIER = "Stockton-Dynamics.MomentoUITests";
				PRODUCT_NAME = "$(TARGET_NAME)";
				SWIFT_EMIT_LOC_STRINGS = NO;
				SWIFT_VERSION = 5.0;
				TARGETED_DEVICE_FAMILY = "1,2";
				TEST_TARGET_NAME = Momento;
			};
			name = Debug;
		};
		7165C4F72BBC8B7500F68D47 /* Release */ = {
			isa = XCBuildConfiguration;
			buildSettings = {
				ALWAYS_EMBED_SWIFT_STANDARD_LIBRARIES = YES;
				CODE_SIGN_STYLE = Automatic;
				CURRENT_PROJECT_VERSION = 1;
				DEVELOPMENT_TEAM = KJLVK555LY;
				GENERATE_INFOPLIST_FILE = YES;
				MARKETING_VERSION = 1.0;
				PRODUCT_BUNDLE_IDENTIFIER = "Stockton-Dynamics.MomentoUITests";
				PRODUCT_NAME = "$(TARGET_NAME)";
				SWIFT_EMIT_LOC_STRINGS = NO;
				SWIFT_VERSION = 5.0;
				TARGETED_DEVICE_FAMILY = "1,2";
				TEST_TARGET_NAME = Momento;
			};
			name = Release;
		};
/* End XCBuildConfiguration section */

/* Begin XCConfigurationList section */
		7165C4C62BBC8B7200F68D47 /* Build configuration list for PBXProject "Momento" */ = {
			isa = XCConfigurationList;
			buildConfigurations = (
				7165C4ED2BBC8B7500F68D47 /* Debug */,
				7165C4EE2BBC8B7500F68D47 /* Release */,
			);
			defaultConfigurationIsVisible = 0;
			defaultConfigurationName = Release;
		};
		7165C4EF2BBC8B7500F68D47 /* Build configuration list for PBXNativeTarget "Momento" */ = {
			isa = XCConfigurationList;
			buildConfigurations = (
				7165C4F02BBC8B7500F68D47 /* Debug */,
				7165C4F12BBC8B7500F68D47 /* Release */,
			);
			defaultConfigurationIsVisible = 0;
			defaultConfigurationName = Release;
		};
		7165C4F22BBC8B7500F68D47 /* Build configuration list for PBXNativeTarget "MomentoTests" */ = {
			isa = XCConfigurationList;
			buildConfigurations = (
				7165C4F32BBC8B7500F68D47 /* Debug */,
				7165C4F42BBC8B7500F68D47 /* Release */,
			);
			defaultConfigurationIsVisible = 0;
			defaultConfigurationName = Release;
		};
		7165C4F52BBC8B7500F68D47 /* Build configuration list for PBXNativeTarget "MomentoUITests" */ = {
			isa = XCConfigurationList;
			buildConfigurations = (
				7165C4F62BBC8B7500F68D47 /* Debug */,
				7165C4F72BBC8B7500F68D47 /* Release */,
			);
			defaultConfigurationIsVisible = 0;
			defaultConfigurationName = Release;
		};
/* End XCConfigurationList section */

/* Begin XCRemoteSwiftPackageReference section */
		7165C4FA2BBC8F8800F68D47 /* XCRemoteSwiftPackageReference "firebase-ios-sdk" */ = {
			isa = XCRemoteSwiftPackageReference;
			repositoryURL = "https://github.com/firebase/firebase-ios-sdk";
			requirement = {
				kind = upToNextMajorVersion;
				minimumVersion = 10.23.1;
			};
		};
/* End XCRemoteSwiftPackageReference section */

/* Begin XCSwiftPackageProductDependency section */
		7165C4FB2BBC8F8800F68D47 /* FirebaseAnalytics */ = {
			isa = XCSwiftPackageProductDependency;
			package = 7165C4FA2BBC8F8800F68D47 /* XCRemoteSwiftPackageReference "firebase-ios-sdk" */;
			productName = FirebaseAnalytics;
		};
		7165C4FD2BBC8F8800F68D47 /* FirebaseAuth */ = {
			isa = XCSwiftPackageProductDependency;
			package = 7165C4FA2BBC8F8800F68D47 /* XCRemoteSwiftPackageReference "firebase-ios-sdk" */;
			productName = FirebaseAuth;
		};
		7165C4FF2BBC8F8800F68D47 /* FirebaseFirestore */ = {
			isa = XCSwiftPackageProductDependency;
			package = 7165C4FA2BBC8F8800F68D47 /* XCRemoteSwiftPackageReference "firebase-ios-sdk" */;
			productName = FirebaseFirestore;
		};
		7165C5012BBC8F8800F68D47 /* FirebaseStorage */ = {
			isa = XCSwiftPackageProductDependency;
			package = 7165C4FA2BBC8F8800F68D47 /* XCRemoteSwiftPackageReference "firebase-ios-sdk" */;
			productName = FirebaseStorage;
		};
/* End XCSwiftPackageProductDependency section */
	};
	rootObject = 7165C4C32BBC8B7200F68D47 /* Project object */;
}
